
Microsoft Visual Studio Solution File, Format Version 12.00
# Visual Studio Version 17
VisualStudioVersion = 17.8.34330.188
MinimumVisualStudioVersion = 10.0.40219.1
Project("{FAE04EC0-301F-11D3-BF4B-00C04F79EFBC}") = "PCM.Server", "PCM.Server\PCM.Server.csproj", "{90538A10-843F-4E3B-9D16-07F1E70C6154}"
EndProject
Project("{54A90642-561A-4BB1-A94E-469ADEE60C69}") = "pcm.client", "pcm.client\pcm.client.esproj", "{B5C303C0-A000-4BEC-8A43-31281D297890}"
EndProject
Global
	GlobalSection(SolutionConfigurationPlatforms) = preSolution
		Debug|Any CPU = Debug|Any CPU
		Release|Any CPU = Release|Any CPU
	EndGlobalSection
	GlobalSection(ProjectConfigurationPlatforms) = postSolution
		{90538A10-843F-4E3B-9D16-07F1E70C6154}.Debug|Any CPU.ActiveCfg = Debug|Any CPU
		{90538A10-843F-4E3B-9D16-07F1E70C6154}.Debug|Any CPU.Build.0 = Debug|Any CPU
		{90538A10-843F-4E3B-9D16-07F1E70C6154}.Release|Any CPU.ActiveCfg = Release|Any CPU
		{90538A10-843F-4E3B-9D16-07F1E70C6154}.Release|Any CPU.Build.0 = Release|Any CPU
		{B5C303C0-A000-4BEC-8A43-31281D297890}.Debug|Any CPU.ActiveCfg = Debug|Any CPU
		{B5C303C0-A000-4BEC-8A43-31281D297890}.Debug|Any CPU.Build.0 = Debug|Any CPU
		{B5C303C0-A000-4BEC-8A43-31281D297890}.Debug|Any CPU.Deploy.0 = Debug|Any CPU
		{B5C303C0-A000-4BEC-8A43-31281D297890}.Release|Any CPU.ActiveCfg = Release|Any CPU
		{B5C303C0-A000-4BEC-8A43-31281D297890}.Release|Any CPU.Build.0 = Release|Any CPU
		{B5C303C0-A000-4BEC-8A43-31281D297890}.Release|Any CPU.Deploy.0 = Release|Any CPU
	EndGlobalSection
	GlobalSection(SolutionProperties) = preSolution
		HideSolutionNode = FALSE
	EndGlobalSection
	GlobalSection(ExtensibilityGlobals) = postSolution
		SolutionGuid = {D8D5C319-F69C-49F8-8424-D95430CDC4D4}
	EndGlobalSection
EndGlobal
